<?xml version="1.0" encoding="utf-8"?>
<Project ToolsVersion="4.0" xmlns="http://schemas.microsoft.com/developer/msbuild/2003">
  <ItemGroup>
    <Filter Include="Source Files">
      <UniqueIdentifier>{4FC737F1-C7A5-4376-A066-2A32D752A2FF}</UniqueIdentifier>
      <Extensions>cpp;c;cc;cxx;def;odl;idl;hpj;bat;asm;asmx</Extensions>
    </Filter>
    <Filter Include="Header Files">
      <UniqueIdentifier>{93995380-89BD-4b04-88EB-625FBE52EBFB}</UniqueIdentifier>
      <Extensions>h;hh;hpp;hxx;hm;inl;inc;ipp;xsd</Extensions>
    </Filter>
    <Filter Include="Resource Files">
      <UniqueIdentifier>{67DA6AB6-F800-4c08-8B7A-83BB121AAD01}</UniqueIdentifier>
      <Extensions>rc;ico;cur;bmp;dlg;rc2;rct;bin;rgs;gif;jpg;jpeg;jpe;resx;tiff;tif;png;wav;mfcribbon-ms</Extensions>
    </Filter>
  </ItemGroup>
  <ItemGroup>
    <ClInclude Include="src\AirBrush.h">
      <Filter>Source Files</Filter>
    </ClInclude>
    <ClInclude Include="src\AirBrushFactory.h">
      <Filter>Source Files</Filter>
    </ClInclude>
    <ClInclude Include="src\DrawStatus.h">
      <Filter>Source Files</Filter>
    </ClInclude>
    <ClInclude Include="src\Entity.h">
      <Filter>Source Files</Filter>
    </ClInclude>
    <ClInclude Include="src\Game.h">
      <Filter>Source Files</Filter>
    </ClInclude>
    <ClInclude Include="src\Paint.h">
      <Filter>Source Files</Filter>
    </ClInclude>
    <ClInclude Include="src\PaintFactory.h">
      <Filter>Source Files</Filter>
    </ClInclude>
    <ClInclude Include="src\pch.h">
      <Filter>Header Files</Filter>
    </ClInclude>
    <ClInclude Include="src\Shape.h">
      <Filter>Source Files</Filter>
    </ClInclude>
    <ClInclude Include="src\ShapeFactory.h">
      <Filter>Source Files</Filter>
    </ClInclude>
    <ClInclude Include="src\Text.h">
      <Filter>Source Files</Filter>
    </ClInclude>
    <ClInclude Include="src\TextFactory.h">
      <Filter>Source Files</Filter>
    </ClInclude>
    <ClInclude Include="src\Toolbar.h">
      <Filter>Source Files</Filter>
    </ClInclude>
    <ClInclude Include="src\Undo.h">
      <Filter>Source Files</Filter>
    </ClInclude>
  </ItemGroup>
  <ItemGroup>
    <ClCompile Include="src\AirBrush.cpp">
      <Filter>Source Files</Filter>
    </ClCompile>
    <ClCompile Include="src\Game.cpp">
      <Filter>Source Files</Filter>
    </ClCompile>
    <ClCompile Include="src\main.cpp">
      <Filter>Source Files</Filter>
    </ClCompile>
    <ClCompile Include="src\Paint.cpp">
      <Filter>Source Files</Filter>
    </ClCompile>
    <ClCompile Include="src\pch.cpp">
      <Filter>Source Files</Filter>
    </ClCompile>
    <ClCompile Include="src\Shape.cpp">
      <Filter>Source Files</Filter>
    </ClCompile>
    <ClCompile Include="src\Text.cpp">
      <Filter>Source Files</Filter>
    </ClCompile>
    <ClCompile Include="src\Toolbar.cpp">
      <Filter>Source Files</Filter>
    </ClCompile>
    <ClCompile Include="src\Undo.cpp">
      <Filter>Source Files</Filter>
    </ClCompile>
  </ItemGroup>
  <ItemGroup>
    <Font Include="src\Bebas-Regular.otf" />
    <Font Include="src\Bebas-Regular.ttf" />
    <Font Include="fonts\Bebas-Regular.otf" />
    <Font Include="fonts\Bebas-Regular.ttf" />
  </ItemGroup>
  <ItemGroup>
    <Media Include="src\EatenSound.wav">
      <Filter>Resource Files</Filter>
    </Media>
  </ItemGroup>
  <ItemGroup>
    <Image Include="src\misctoolbar.png">
      <Filter>Resource Files</Filter>
    </Image>
    <Image Include="src\shapetoolbar.png">
      <Filter>Resource Files</Filter>
    </Image>
    <Image Include="image\misctoolbar.png">
      <Filter>Resource Files</Filter>
    </Image>
    <Image Include="image\shapetoolbar.png">
      <Filter>Resource Files</Filter>
    </Image>
  </ItemGroup>
  <ItemGroup>
    <None Include="src\sfml-audio-2.dll" />
    <None Include="src\sfml-audio-d-2.dll" />
    <None Include="src\sfml-graphics-2.dll" />
    <None Include="src\sfml-graphics-d-2.dll" />
    <None Include="src\sfml-network-2.dll" />
    <None Include="src\sfml-network-d-2.dll" />
    <None Include="src\sfml-system-2.dll" />
    <None Include="src\sfml-system-d-2.dll" />
    <None Include="src\sfml-window-2.dll" />
    <None Include="src\sfml-window-d-2.dll" />
  </ItemGroup>
</Project>